
Microsoft Visual Studio Solution File, Format Version 12.00
Project("{FAE04EC0-301F-11D3-BF4B-00C04F79EFBC}") = "TrailRP", "TrailRP.csproj", "{CBF1E83D-CB52-425D-B197-2A50EAAC095D}"
EndProject
Project("{FAE04EC0-301F-11D3-BF4B-00C04F79EFBC}") = "Client", "..\Client\Client.csproj", "{9ED60721-FE19-47E9-9E7A-E174B966BC84}"
EndProject
Global
	GlobalSection(SolutionConfigurationPlatforms) = preSolution
		Debug|Any CPU = Debug|Any CPU
		Release|Any CPU = Release|Any CPU
	EndGlobalSection
	GlobalSection(ProjectConfigurationPlatforms) = postSolution
		{CBF1E83D-CB52-425D-B197-2A50EAAC095D}.Debug|Any CPU.ActiveCfg = Debug|Any CPU
		{CBF1E83D-CB52-425D-B197-2A50EAAC095D}.Debug|Any CPU.Build.0 = Debug|Any CPU
		{CBF1E83D-CB52-425D-B197-2A50EAAC095D}.Release|Any CPU.ActiveCfg = Release|Any CPU
		{CBF1E83D-CB52-425D-B197-2A50EAAC095D}.Release|Any CPU.Build.0 = Release|Any CPU
		{9ED60721-FE19-47E9-9E7A-E174B966BC84}.Debug|Any CPU.ActiveCfg = Debug|Any CPU
		{9ED60721-FE19-47E9-9E7A-E174B966BC84}.Debug|Any CPU.Build.0 = Debug|Any CPU
		{9ED60721-FE19-47E9-9E7A-E174B966BC84}.Release|Any CPU.ActiveCfg = Release|Any CPU
		{9ED60721-FE19-47E9-9E7A-E174B966BC84}.Release|Any CPU.Build.0 = Release|Any CPU
	EndGlobalSection
EndGlobal
